{
  "version": 4,
  "terraform_version": "1.5.4",
  "serial": 12,
  "lineage": "e78ac64b-e5bf-0cc7-a110-6e3b6dfbfbe6",
  "outputs": {},
  "resources": [
    {
      "mode": "managed",
      "type": "azurerm_resource_group",
      "name": "rg",
      "provider": "provider[\"registry.terraform.io/hashicorp/azurerm\"]",
      "instances": [
        {
          "schema_version": 0,
          "attributes": {
            "id": "/subscriptions/ff8edce8-ef8b-4cd3-8a74-ef12aeb55a5f/resourceGroups/SCUS-PRD-RSG",
            "location": "southcentralus",
            "name": "SCUS-PRD-RSG",
            "tags": {
              "BuildBy": "Tiago Ferreira",
              "BuildDate": "05/22/2023",
              "Service": "Main PRD RSG"
            },
            "timeouts": {
              "create": null,
              "delete": null,
              "read": null,
              "update": null
            }
          },
          "sensitive_attributes": [],
          "private": "eyJlMmJmYjczMC1lY2FhLTExZTYtOGY4OC0zNDM2M2JjN2M0YzAiOnsiY3JlYXRlIjo1NDAwMDAwMDAwMDAwLCJkZWxldGUiOjU0MDAwMDAwMDAwMDAsInJlYWQiOjMwMDAwMDAwMDAwMCwidXBkYXRlIjo1NDAwMDAwMDAwMDAwfSwic2NoZW1hX3ZlcnNpb24iOiIwIn0="
        }
      ]
    },
    {
      "mode": "managed",
      "type": "azurerm_resource_group",
      "name": "rg2",
      "provider": "provider[\"registry.terraform.io/hashicorp/azurerm\"]",
      "instances": [
        {
          "schema_version": 0,
          "attributes": {
            "id": "/subscriptions/ff8edce8-ef8b-4cd3-8a74-ef12aeb55a5f/resourceGroups/NCUS-DR-RSG",
            "location": "northcentralus",
            "name": "NCUS-DR-RSG",
            "tags": {
              "BuildBy": "Tiago Ferreira",
              "BuildDate": "05/22/2023",
              "Service": "Main DR RSG"
            },
            "timeouts": {
              "create": null,
              "delete": null,
              "read": null,
              "update": null
            }
          },
          "sensitive_attributes": [],
          "private": "eyJlMmJmYjczMC1lY2FhLTExZTYtOGY4OC0zNDM2M2JjN2M0YzAiOnsiY3JlYXRlIjo1NDAwMDAwMDAwMDAwLCJkZWxldGUiOjU0MDAwMDAwMDAwMDAsInJlYWQiOjMwMDAwMDAwMDAwMCwidXBkYXRlIjo1NDAwMDAwMDAwMDAwfSwic2NoZW1hX3ZlcnNpb24iOiIwIn0="
        }
      ]
    },
    {
      "mode": "managed",
      "type": "azurerm_subnet",
      "name": "subnet1",
      "provider": "provider[\"registry.terraform.io/hashicorp/azurerm\"]",
      "instances": [
        {
          "schema_version": 0,
          "attributes": {
            "address_prefixes": [
              "10.15.1.0/24"
            ],
            "delegation": [],
            "enforce_private_link_endpoint_network_policies": false,
            "enforce_private_link_service_network_policies": false,
            "id": "/subscriptions/ff8edce8-ef8b-4cd3-8a74-ef12aeb55a5f/resourceGroups/SB-RESOURCE-GROUP/providers/Microsoft.Network/virtualNetworks/SB-VNET01-SC/subnets/DMZ-SUBNET-SC",
            "name": "DMZ-SUBNET-SC",
            "resource_group_name": "SB-RESOURCE-GROUP",
            "service_endpoint_policy_ids": [],
            "service_endpoints": [
              "Microsoft.Storage"
            ],
            "timeouts": {
              "create": null,
              "delete": null,
              "read": null,
              "update": null
            },
            "virtual_network_name": "SB-VNET01-SC"
          },
          "sensitive_attributes": [],
          "private": "eyJlMmJmYjczMC1lY2FhLTExZTYtOGY4OC0zNDM2M2JjN2M0YzAiOnsiY3JlYXRlIjoxODAwMDAwMDAwMDAwLCJkZWxldGUiOjE4MDAwMDAwMDAwMDAsInJlYWQiOjMwMDAwMDAwMDAwMCwidXBkYXRlIjoxODAwMDAwMDAwMDAwfSwic2NoZW1hX3ZlcnNpb24iOiIwIn0="
        }
      ]
    },
    {
      "mode": "managed",
      "type": "azurerm_subnet",
      "name": "subnet2",
      "provider": "provider[\"registry.terraform.io/hashicorp/azurerm\"]",
      "instances": [
        {
          "schema_version": 0,
          "attributes": {
            "address_prefixes": [
              "10.15.0.0/24"
            ],
            "delegation": [],
            "enforce_private_link_endpoint_network_policies": false,
            "enforce_private_link_service_network_policies": false,
            "id": "/subscriptions/ff8edce8-ef8b-4cd3-8a74-ef12aeb55a5f/resourceGroups/SB-RESOURCE-GROUP/providers/Microsoft.Network/virtualNetworks/SB-VNET01-SC/subnets/AD-SUBNET-SC",
            "name": "AD-SUBNET-SC",
            "resource_group_name": "SB-RESOURCE-GROUP",
            "service_endpoint_policy_ids": [],
            "service_endpoints": [
              "Microsoft.Storage"
            ],
            "timeouts": {
              "create": null,
              "delete": null,
              "read": null,
              "update": null
            },
            "virtual_network_name": "SB-VNET01-SC"
          },
          "sensitive_attributes": [],
          "private": "eyJlMmJmYjczMC1lY2FhLTExZTYtOGY4OC0zNDM2M2JjN2M0YzAiOnsiY3JlYXRlIjoxODAwMDAwMDAwMDAwLCJkZWxldGUiOjE4MDAwMDAwMDAwMDAsInJlYWQiOjMwMDAwMDAwMDAwMCwidXBkYXRlIjoxODAwMDAwMDAwMDAwfSwic2NoZW1hX3ZlcnNpb24iOiIwIn0="
        }
      ]
    },
    {
      "mode": "managed",
      "type": "azurerm_subnet",
      "name": "subnet3",
      "provider": "provider[\"registry.terraform.io/hashicorp/azurerm\"]",
      "instances": [
        {
          "schema_version": 0,
          "attributes": {
            "address_prefixes": [
              "10.15.3.0/24"
            ],
            "delegation": [],
            "enforce_private_link_endpoint_network_policies": false,
            "enforce_private_link_service_network_policies": false,
            "id": "/subscriptions/ff8edce8-ef8b-4cd3-8a74-ef12aeb55a5f/resourceGroups/SB-RESOURCE-GROUP/providers/Microsoft.Network/virtualNetworks/SB-VNET01-SC/subnets/APPSERVERS-SUBNET-SC",
            "name": "APPSERVERS-SUBNET-SC",
            "resource_group_name": "SB-RESOURCE-GROUP",
            "service_endpoint_policy_ids": [],
            "service_endpoints": [
              "Microsoft.Storage"
            ],
            "timeouts": {
              "create": null,
              "delete": null,
              "read": null,
              "update": null
            },
            "virtual_network_name": "SB-VNET01-SC"
          },
          "sensitive_attributes": [],
          "private": "eyJlMmJmYjczMC1lY2FhLTExZTYtOGY4OC0zNDM2M2JjN2M0YzAiOnsiY3JlYXRlIjoxODAwMDAwMDAwMDAwLCJkZWxldGUiOjE4MDAwMDAwMDAwMDAsInJlYWQiOjMwMDAwMDAwMDAwMCwidXBkYXRlIjoxODAwMDAwMDAwMDAwfSwic2NoZW1hX3ZlcnNpb24iOiIwIn0="
        }
      ]
    },
    {
      "mode": "managed",
      "type": "azurerm_subnet",
      "name": "subnet4",
      "provider": "provider[\"registry.terraform.io/hashicorp/azurerm\"]",
      "instances": [
        {
          "schema_version": 0,
          "attributes": {
            "address_prefixes": [
              "10.15.6.0/24"
            ],
            "delegation": [],
            "enforce_private_link_endpoint_network_policies": false,
            "enforce_private_link_service_network_policies": false,
            "id": "/subscriptions/ff8edce8-ef8b-4cd3-8a74-ef12aeb55a5f/resourceGroups/SB-RESOURCE-GROUP/providers/Microsoft.Network/virtualNetworks/SB-VNET01-SC/subnets/INFOSEC-SUBNET-SC",
            "name": "INFOSEC-SUBNET-SC",
            "resource_group_name": "SB-RESOURCE-GROUP",
            "service_endpoint_policy_ids": [],
            "service_endpoints": [
              "Microsoft.Storage"
            ],
            "timeouts": {
              "create": null,
              "delete": null,
              "read": null,
              "update": null
            },
            "virtual_network_name": "SB-VNET01-SC"
          },
          "sensitive_attributes": [],
          "private": "eyJlMmJmYjczMC1lY2FhLTExZTYtOGY4OC0zNDM2M2JjN2M0YzAiOnsiY3JlYXRlIjoxODAwMDAwMDAwMDAwLCJkZWxldGUiOjE4MDAwMDAwMDAwMDAsInJlYWQiOjMwMDAwMDAwMDAwMCwidXBkYXRlIjoxODAwMDAwMDAwMDAwfSwic2NoZW1hX3ZlcnNpb24iOiIwIn0="
        }
      ]
    },
    {
      "mode": "managed",
      "type": "azurerm_subnet",
      "name": "subnet5",
      "provider": "provider[\"registry.terraform.io/hashicorp/azurerm\"]",
      "instances": [
        {
          "schema_version": 0,
          "attributes": {
            "address_prefixes": [
              "10.15.4.0/24"
            ],
            "delegation": [],
            "enforce_private_link_endpoint_network_policies": false,
            "enforce_private_link_service_network_policies": false,
            "id": "/subscriptions/ff8edce8-ef8b-4cd3-8a74-ef12aeb55a5f/resourceGroups/SB-RESOURCE-GROUP/providers/Microsoft.Network/virtualNetworks/SB-VNET01-SC/subnets/SQLSERVERS-SUBNET-SC",
            "name": "SQLSERVERS-SUBNET-SC",
            "resource_group_name": "SB-RESOURCE-GROUP",
            "service_endpoint_policy_ids": [],
            "service_endpoints": [
              "Microsoft.Storage"
            ],
            "timeouts": {
              "create": null,
              "delete": null,
              "read": null,
              "update": null
            },
            "virtual_network_name": "SB-VNET01-SC"
          },
          "sensitive_attributes": [],
          "private": "eyJlMmJmYjczMC1lY2FhLTExZTYtOGY4OC0zNDM2M2JjN2M0YzAiOnsiY3JlYXRlIjoxODAwMDAwMDAwMDAwLCJkZWxldGUiOjE4MDAwMDAwMDAwMDAsInJlYWQiOjMwMDAwMDAwMDAwMCwidXBkYXRlIjoxODAwMDAwMDAwMDAwfSwic2NoZW1hX3ZlcnNpb24iOiIwIn0="
        }
      ]
    },
    {
      "mode": "managed",
      "type": "azurerm_subnet",
      "name": "subnet6",
      "provider": "provider[\"registry.terraform.io/hashicorp/azurerm\"]",
      "instances": [
        {
          "schema_version": 0,
          "attributes": {
            "address_prefixes": [
              "10.15.5.0/24"
            ],
            "delegation": [],
            "enforce_private_link_endpoint_network_policies": false,
            "enforce_private_link_service_network_policies": false,
            "id": "/subscriptions/ff8edce8-ef8b-4cd3-8a74-ef12aeb55a5f/resourceGroups/SB-RESOURCE-GROUP/providers/Microsoft.Network/virtualNetworks/SB-VNET01-SC/subnets/ITTOOLS-SUBNET-SC",
            "name": "ITTOOLS-SUBNET-SC",
            "resource_group_name": "SB-RESOURCE-GROUP",
            "service_endpoint_policy_ids": [],
            "service_endpoints": [
              "Microsoft.Storage"
            ],
            "timeouts": {
              "create": null,
              "delete": null,
              "read": null,
              "update": null
            },
            "virtual_network_name": "SB-VNET01-SC"
          },
          "sensitive_attributes": [],
          "private": "eyJlMmJmYjczMC1lY2FhLTExZTYtOGY4OC0zNDM2M2JjN2M0YzAiOnsiY3JlYXRlIjoxODAwMDAwMDAwMDAwLCJkZWxldGUiOjE4MDAwMDAwMDAwMDAsInJlYWQiOjMwMDAwMDAwMDAwMCwidXBkYXRlIjoxODAwMDAwMDAwMDAwfSwic2NoZW1hX3ZlcnNpb24iOiIwIn0="
        }
      ]
    },
    {
      "mode": "managed",
      "type": "azurerm_subnet",
      "name": "subnet7",
      "provider": "provider[\"registry.terraform.io/hashicorp/azurerm\"]",
      "instances": [
        {
          "schema_version": 0,
          "attributes": {
            "address_prefixes": [
              "10.15.2.0/24"
            ],
            "delegation": [],
            "enforce_private_link_endpoint_network_policies": false,
            "enforce_private_link_service_network_policies": false,
            "id": "/subscriptions/ff8edce8-ef8b-4cd3-8a74-ef12aeb55a5f/resourceGroups/SB-RESOURCE-GROUP/providers/Microsoft.Network/virtualNetworks/SB-VNET01-SC/subnets/NETSERVERS-SUBNET-SC",
            "name": "NETSERVERS-SUBNET-SC",
            "resource_group_name": "SB-RESOURCE-GROUP",
            "service_endpoint_policy_ids": [],
            "service_endpoints": [
              "Microsoft.Storage"
            ],
            "timeouts": {
              "create": null,
              "delete": null,
              "read": null,
              "update": null
            },
            "virtual_network_name": "SB-VNET01-SC"
          },
          "sensitive_attributes": [],
          "private": "eyJlMmJmYjczMC1lY2FhLTExZTYtOGY4OC0zNDM2M2JjN2M0YzAiOnsiY3JlYXRlIjoxODAwMDAwMDAwMDAwLCJkZWxldGUiOjE4MDAwMDAwMDAwMDAsInJlYWQiOjMwMDAwMDAwMDAwMCwidXBkYXRlIjoxODAwMDAwMDAwMDAwfSwic2NoZW1hX3ZlcnNpb24iOiIwIn0="
        }
      ]
    },
    {
      "mode": "managed",
      "type": "azurerm_subnet",
      "name": "subnet8",
      "provider": "provider[\"registry.terraform.io/hashicorp/azurerm\"]",
      "instances": [
        {
          "schema_version": 0,
          "attributes": {
            "address_prefixes": [
              "10.15.7.0/24"
            ],
            "delegation": [],
            "enforce_private_link_endpoint_network_policies": true,
            "enforce_private_link_service_network_policies": false,
            "id": "/subscriptions/ff8edce8-ef8b-4cd3-8a74-ef12aeb55a5f/resourceGroups/SB-RESOURCE-GROUP/providers/Microsoft.Network/virtualNetworks/SB-VNET01-SC/subnets/FILESHARE-SUBNET-SC",
            "name": "FILESHARE-SUBNET-SC",
            "resource_group_name": "SB-RESOURCE-GROUP",
            "service_endpoint_policy_ids": [],
            "service_endpoints": [
              "Microsoft.Storage"
            ],
            "timeouts": {
              "create": null,
              "delete": null,
              "read": null,
              "update": null
            },
            "virtual_network_name": "SB-VNET01-SC"
          },
          "sensitive_attributes": [],
          "private": "eyJlMmJmYjczMC1lY2FhLTExZTYtOGY4OC0zNDM2M2JjN2M0YzAiOnsiY3JlYXRlIjoxODAwMDAwMDAwMDAwLCJkZWxldGUiOjE4MDAwMDAwMDAwMDAsInJlYWQiOjMwMDAwMDAwMDAwMCwidXBkYXRlIjoxODAwMDAwMDAwMDAwfSwic2NoZW1hX3ZlcnNpb24iOiIwIn0="
        }
      ]
    },
    {
      "mode": "managed",
      "type": "azurerm_subnet",
      "name": "subnet9",
      "provider": "provider[\"registry.terraform.io/hashicorp/azurerm\"]",
      "instances": [
        {
          "schema_version": 0,
          "attributes": {
            "address_prefixes": [
              "10.15.8.0/24"
            ],
            "delegation": [],
            "enforce_private_link_endpoint_network_policies": true,
            "enforce_private_link_service_network_policies": false,
            "id": "/subscriptions/ff8edce8-ef8b-4cd3-8a74-ef12aeb55a5f/resourceGroups/SB-RESOURCE-GROUP/providers/Microsoft.Network/virtualNetworks/SB-VNET01-SC/subnets/MOVEIT-SUBNET-SC",
            "name": "MOVEIT-SUBNET-SC",
            "resource_group_name": "SB-RESOURCE-GROUP",
            "service_endpoint_policy_ids": [],
            "service_endpoints": [],
            "timeouts": {
              "create": null,
              "delete": null,
              "read": null,
              "update": null
            },
            "virtual_network_name": "SB-VNET01-SC"
          },
          "sensitive_attributes": [],
          "private": "eyJlMmJmYjczMC1lY2FhLTExZTYtOGY4OC0zNDM2M2JjN2M0YzAiOnsiY3JlYXRlIjoxODAwMDAwMDAwMDAwLCJkZWxldGUiOjE4MDAwMDAwMDAwMDAsInJlYWQiOjMwMDAwMDAwMDAwMCwidXBkYXRlIjoxODAwMDAwMDAwMDAwfSwic2NoZW1hX3ZlcnNpb24iOiIwIn0="
        }
      ]
    },
    {
      "mode": "managed",
      "type": "azurerm_virtual_network",
      "name": "vnet",
      "provider": "provider[\"registry.terraform.io/hashicorp/azurerm\"]",
      "instances": [
        {
          "schema_version": 0,
          "attributes": {
            "address_space": [
              "10.15.0.0/16"
            ],
            "bgp_community": "",
            "ddos_protection_plan": [],
            "dns_servers": [
              "10.15.0.5"
            ],
            "edge_zone": "",
            "flow_timeout_in_minutes": 0,
            "guid": "9bf96afc-2bae-47c1-9b12-39f6716fcbc0",
            "id": "/subscriptions/ff8edce8-ef8b-4cd3-8a74-ef12aeb55a5f/resourceGroups/SB-RESOURCE-GROUP/providers/Microsoft.Network/virtualNetworks/SB-VNET01-SC",
            "location": "southcentralus",
            "name": "SB-VNET01-SC",
            "resource_group_name": "SB-RESOURCE-GROUP",
            "subnet": [
              {
                "address_prefix": "10.15.0.0/24",
                "id": "/subscriptions/ff8edce8-ef8b-4cd3-8a74-ef12aeb55a5f/resourceGroups/SB-RESOURCE-GROUP/providers/Microsoft.Network/virtualNetworks/SB-VNET01-SC/subnets/AD-SUBNET-SC",
                "name": "AD-SUBNET-SC",
                "security_group": "/subscriptions/ff8edce8-ef8b-4cd3-8a74-ef12aeb55a5f/resourceGroups/SCUS-PRD-MGMT/providers/Microsoft.Network/networkSecurityGroups/AD-SUBNET-NSG"
              },
              {
                "address_prefix": "10.15.1.0/24",
                "id": "/subscriptions/ff8edce8-ef8b-4cd3-8a74-ef12aeb55a5f/resourceGroups/SB-RESOURCE-GROUP/providers/Microsoft.Network/virtualNetworks/SB-VNET01-SC/subnets/DMZ-SUBNET-SC",
                "name": "DMZ-SUBNET-SC",
                "security_group": "/subscriptions/ff8edce8-ef8b-4cd3-8a74-ef12aeb55a5f/resourceGroups/SCUS-PRD-MGMT/providers/Microsoft.Network/networkSecurityGroups/DMZ-SUBNET-NSG"
              },
              {
                "address_prefix": "10.15.2.0/24",
                "id": "/subscriptions/ff8edce8-ef8b-4cd3-8a74-ef12aeb55a5f/resourceGroups/SB-RESOURCE-GROUP/providers/Microsoft.Network/virtualNetworks/SB-VNET01-SC/subnets/NETSERVERS-SUBNET-SC",
                "name": "NETSERVERS-SUBNET-SC",
                "security_group": "/subscriptions/ff8edce8-ef8b-4cd3-8a74-ef12aeb55a5f/resourceGroups/SCUS-PRD-MGMT/providers/Microsoft.Network/networkSecurityGroups/NETSERVERS-SUBNET-NSG"
              },
              {
                "address_prefix": "10.15.3.0/24",
                "id": "/subscriptions/ff8edce8-ef8b-4cd3-8a74-ef12aeb55a5f/resourceGroups/SB-RESOURCE-GROUP/providers/Microsoft.Network/virtualNetworks/SB-VNET01-SC/subnets/APPSERVERS-SUBNET-SC",
                "name": "APPSERVERS-SUBNET-SC",
                "security_group": "/subscriptions/ff8edce8-ef8b-4cd3-8a74-ef12aeb55a5f/resourceGroups/SCUS-PRD-MGMT/providers/Microsoft.Network/networkSecurityGroups/APPSERVERS-SUBNET-NSG"
              },
              {
                "address_prefix": "10.15.4.0/24",
                "id": "/subscriptions/ff8edce8-ef8b-4cd3-8a74-ef12aeb55a5f/resourceGroups/SB-RESOURCE-GROUP/providers/Microsoft.Network/virtualNetworks/SB-VNET01-SC/subnets/SQLSERVERS-SUBNET-SC",
                "name": "SQLSERVERS-SUBNET-SC",
                "security_group": "/subscriptions/ff8edce8-ef8b-4cd3-8a74-ef12aeb55a5f/resourceGroups/SCUS-PRD-MGMT/providers/Microsoft.Network/networkSecurityGroups/SQLSERVERS-SUBNET-NSG"
              },
              {
                "address_prefix": "10.15.5.0/24",
                "id": "/subscriptions/ff8edce8-ef8b-4cd3-8a74-ef12aeb55a5f/resourceGroups/SB-RESOURCE-GROUP/providers/Microsoft.Network/virtualNetworks/SB-VNET01-SC/subnets/ITTOOLS-SUBNET-SC",
                "name": "ITTOOLS-SUBNET-SC",
                "security_group": "/subscriptions/ff8edce8-ef8b-4cd3-8a74-ef12aeb55a5f/resourceGroups/SCUS-PRD-MGMT/providers/Microsoft.Network/networkSecurityGroups/ITTOOLS-SUBNET-NSG"
              },
              {
                "address_prefix": "10.15.6.0/24",
                "id": "/subscriptions/ff8edce8-ef8b-4cd3-8a74-ef12aeb55a5f/resourceGroups/SB-RESOURCE-GROUP/providers/Microsoft.Network/virtualNetworks/SB-VNET01-SC/subnets/INFOSEC-SUBNET-SC",
                "name": "INFOSEC-SUBNET-SC",
                "security_group": "/subscriptions/ff8edce8-ef8b-4cd3-8a74-ef12aeb55a5f/resourceGroups/SCUS-PRD-MGMT/providers/Microsoft.Network/networkSecurityGroups/INFOSEC-SUBNET-NSG"
              },
              {
                "address_prefix": "10.15.7.0/24",
                "id": "/subscriptions/ff8edce8-ef8b-4cd3-8a74-ef12aeb55a5f/resourceGroups/SB-RESOURCE-GROUP/providers/Microsoft.Network/virtualNetworks/SB-VNET01-SC/subnets/FILESHARE-SUBNET-SC",
                "name": "FILESHARE-SUBNET-SC",
                "security_group": "/subscriptions/ff8edce8-ef8b-4cd3-8a74-ef12aeb55a5f/resourceGroups/SCUS-PRD-MGMT/providers/Microsoft.Network/networkSecurityGroups/FILESHARES-NSG"
              },
              {
                "address_prefix": "10.15.8.0/24",
                "id": "/subscriptions/ff8edce8-ef8b-4cd3-8a74-ef12aeb55a5f/resourceGroups/SB-RESOURCE-GROUP/providers/Microsoft.Network/virtualNetworks/SB-VNET01-SC/subnets/MOVEIT-SUBNET-SC",
                "name": "MOVEIT-SUBNET-SC",
                "security_group": ""
              },
              {
                "address_prefix": "10.15.9.0/26",
                "id": "/subscriptions/ff8edce8-ef8b-4cd3-8a74-ef12aeb55a5f/resourceGroups/SB-RESOURCE-GROUP/providers/Microsoft.Network/virtualNetworks/SB-VNET01-SC/subnets/AzureBastionSubnet",
                "name": "AzureBastionSubnet",
                "security_group": ""
              }
            ],
            "tags": {
              "BuildBy": "Stormy Winters",
              "BuildDate": "02/14/2023",
              "Storage Account": "Bank file share"
            },
            "timeouts": {
              "create": null,
              "delete": null,
              "read": null,
              "update": null
            }
          },
          "sensitive_attributes": [],
          "private": "eyJlMmJmYjczMC1lY2FhLTExZTYtOGY4OC0zNDM2M2JjN2M0YzAiOnsiY3JlYXRlIjoxODAwMDAwMDAwMDAwLCJkZWxldGUiOjE4MDAwMDAwMDAwMDAsInJlYWQiOjMwMDAwMDAwMDAwMCwidXBkYXRlIjoxODAwMDAwMDAwMDAwfSwic2NoZW1hX3ZlcnNpb24iOiIwIn0="
        }
      ]
    }
  ],
  "check_results": null
}
